
Microsoft Visual Studio Solution File, Format Version 12.00
# Visual Studio Version 17
VisualStudioVersion = 17.0.32014.148
MinimumVisualStudioVersion = 10.0.40219.1
Project("{9A19103F-16F7-4668-BE54-9A1E7A4F7556}") = "MESystem", "MESystem.csproj", "{99B00235-35B2-446A-BA8A-999F9136EE3C}"
EndProject
Global
	GlobalSection(SolutionConfigurationPlatforms) = preSolution
		Debug|Any CPU = Debug|Any CPU
		Release|Any CPU = Release|Any CPU
	EndGlobalSection
	GlobalSection(ProjectConfigurationPlatforms) = postSolution
		{99B00235-35B2-446A-BA8A-999F9136EE3C}.Debug|Any CPU.ActiveCfg = Debug|Any CPU
		{99B00235-35B2-446A-BA8A-999F9136EE3C}.Debug|Any CPU.Build.0 = Debug|Any CPU
		{99B00235-35B2-446A-BA8A-999F9136EE3C}.Release|Any CPU.ActiveCfg = Release|Any CPU
		{99B00235-35B2-446A-BA8A-999F9136EE3C}.Release|Any CPU.Build.0 = Release|Any CPU
	EndGlobalSection
	GlobalSection(SolutionProperties) = preSolution
		HideSolutionNode = FALSE
	EndGlobalSection
	GlobalSection(ExtensibilityGlobals) = postSolution
		SolutionGuid = {AD12AFEC-2783-46F0-BDB3-853EA0D3761B}
	EndGlobalSection
EndGlobal
